
Microsoft Visual Studio Solution File, Format Version 12.00
# Visual Studio Version 16
VisualStudioVersion = 16.0.30621.155
MinimumVisualStudioVersion = 10.0.40219.1
Project("{FAE04EC0-301F-11D3-BF4B-00C04F79EFBC}") = "01_Cafe", "01_Cafe\01_Cafe.csproj", "{A780A1A2-B0B5-48A6-B115-6B34C7074AF2}"
EndProject
Project("{FAE04EC0-301F-11D3-BF4B-00C04F79EFBC}") = "01_CafeRepository", "CafeRepository\01_CafeRepository.csproj", "{F6DD560F-BF1C-4F69-892C-09BDD8E99F20}"
EndProject
Project("{FAE04EC0-301F-11D3-BF4B-00C04F79EFBC}") = "01_CafeTestMethods", "CafeTestMethods\01_CafeTestMethods.csproj", "{F4666DA7-D9FB-4B00-AFD8-8B2A1153F9F6}"
EndProject
Project("{FAE04EC0-301F-11D3-BF4B-00C04F79EFBC}") = "02_Claims", "02_Claims\02_Claims.csproj", "{5396B43E-AD9E-4B62-B4AC-76B079941F32}"
EndProject
Project("{FAE04EC0-301F-11D3-BF4B-00C04F79EFBC}") = "02_ClaimsRepository", "02_ClaimsRepository\02_ClaimsRepository.csproj", "{88EFEBB4-94B7-4525-81AD-DEF9E9E8101B}"
EndProject
Project("{FAE04EC0-301F-11D3-BF4B-00C04F79EFBC}") = "02_ClaimsTest", "02_ClaimsTest\02_ClaimsTest.csproj", "{4E061E3B-A29F-492E-BE7B-171A58955D2B}"
EndProject
Project("{FAE04EC0-301F-11D3-BF4B-00C04F79EFBC}") = "03_Badges", "03_Badges\03_Badges.csproj", "{33214E5D-B1E2-45C7-B952-FB5A5AAB691E}"
EndProject
Project("{FAE04EC0-301F-11D3-BF4B-00C04F79EFBC}") = "03_BadgesRepository", "03_BadgesRepository\03_BadgesRepository.csproj", "{9AA1053F-94DD-418C-93A9-DD8CEFFA4E3E}"
EndProject
Project("{FAE04EC0-301F-11D3-BF4B-00C04F79EFBC}") = "03_BadgesTest", "03_BadgesTest\03_BadgesTest.csproj", "{2E705A21-EAB5-45FA-9647-D09653B4F600}"
EndProject
Global
	GlobalSection(SolutionConfigurationPlatforms) = preSolution
		Debug|Any CPU = Debug|Any CPU
		Release|Any CPU = Release|Any CPU
	EndGlobalSection
	GlobalSection(ProjectConfigurationPlatforms) = postSolution
		{A780A1A2-B0B5-48A6-B115-6B34C7074AF2}.Debug|Any CPU.ActiveCfg = Debug|Any CPU
		{A780A1A2-B0B5-48A6-B115-6B34C7074AF2}.Debug|Any CPU.Build.0 = Debug|Any CPU
		{A780A1A2-B0B5-48A6-B115-6B34C7074AF2}.Release|Any CPU.ActiveCfg = Release|Any CPU
		{A780A1A2-B0B5-48A6-B115-6B34C7074AF2}.Release|Any CPU.Build.0 = Release|Any CPU
		{F6DD560F-BF1C-4F69-892C-09BDD8E99F20}.Debug|Any CPU.ActiveCfg = Debug|Any CPU
		{F6DD560F-BF1C-4F69-892C-09BDD8E99F20}.Debug|Any CPU.Build.0 = Debug|Any CPU
		{F6DD560F-BF1C-4F69-892C-09BDD8E99F20}.Release|Any CPU.ActiveCfg = Release|Any CPU
		{F6DD560F-BF1C-4F69-892C-09BDD8E99F20}.Release|Any CPU.Build.0 = Release|Any CPU
		{F4666DA7-D9FB-4B00-AFD8-8B2A1153F9F6}.Debug|Any CPU.ActiveCfg = Debug|Any CPU
		{F4666DA7-D9FB-4B00-AFD8-8B2A1153F9F6}.Debug|Any CPU.Build.0 = Debug|Any CPU
		{F4666DA7-D9FB-4B00-AFD8-8B2A1153F9F6}.Release|Any CPU.ActiveCfg = Release|Any CPU
		{F4666DA7-D9FB-4B00-AFD8-8B2A1153F9F6}.Release|Any CPU.Build.0 = Release|Any CPU
		{5396B43E-AD9E-4B62-B4AC-76B079941F32}.Debug|Any CPU.ActiveCfg = Debug|Any CPU
		{5396B43E-AD9E-4B62-B4AC-76B079941F32}.Debug|Any CPU.Build.0 = Debug|Any CPU
		{5396B43E-AD9E-4B62-B4AC-76B079941F32}.Release|Any CPU.ActiveCfg = Release|Any CPU
		{5396B43E-AD9E-4B62-B4AC-76B079941F32}.Release|Any CPU.Build.0 = Release|Any CPU
		{88EFEBB4-94B7-4525-81AD-DEF9E9E8101B}.Debug|Any CPU.ActiveCfg = Debug|Any CPU
		{88EFEBB4-94B7-4525-81AD-DEF9E9E8101B}.Debug|Any CPU.Build.0 = Debug|Any CPU
		{88EFEBB4-94B7-4525-81AD-DEF9E9E8101B}.Release|Any CPU.ActiveCfg = Release|Any CPU
		{88EFEBB4-94B7-4525-81AD-DEF9E9E8101B}.Release|Any CPU.Build.0 = Release|Any CPU
		{4E061E3B-A29F-492E-BE7B-171A58955D2B}.Debug|Any CPU.ActiveCfg = Debug|Any CPU
		{4E061E3B-A29F-492E-BE7B-171A58955D2B}.Debug|Any CPU.Build.0 = Debug|Any CPU
		{4E061E3B-A29F-492E-BE7B-171A58955D2B}.Release|Any CPU.ActiveCfg = Release|Any CPU
		{4E061E3B-A29F-492E-BE7B-171A58955D2B}.Release|Any CPU.Build.0 = Release|Any CPU
		{33214E5D-B1E2-45C7-B952-FB5A5AAB691E}.Debug|Any CPU.ActiveCfg = Debug|Any CPU
		{33214E5D-B1E2-45C7-B952-FB5A5AAB691E}.Debug|Any CPU.Build.0 = Debug|Any CPU
		{33214E5D-B1E2-45C7-B952-FB5A5AAB691E}.Release|Any CPU.ActiveCfg = Release|Any CPU
		{33214E5D-B1E2-45C7-B952-FB5A5AAB691E}.Release|Any CPU.Build.0 = Release|Any CPU
		{9AA1053F-94DD-418C-93A9-DD8CEFFA4E3E}.Debug|Any CPU.ActiveCfg = Debug|Any CPU
		{9AA1053F-94DD-418C-93A9-DD8CEFFA4E3E}.Debug|Any CPU.Build.0 = Debug|Any CPU
		{9AA1053F-94DD-418C-93A9-DD8CEFFA4E3E}.Release|Any CPU.ActiveCfg = Release|Any CPU
		{9AA1053F-94DD-418C-93A9-DD8CEFFA4E3E}.Release|Any CPU.Build.0 = Release|Any CPU
		{2E705A21-EAB5-45FA-9647-D09653B4F600}.Debug|Any CPU.ActiveCfg = Debug|Any CPU
		{2E705A21-EAB5-45FA-9647-D09653B4F600}.Debug|Any CPU.Build.0 = Debug|Any CPU
		{2E705A21-EAB5-45FA-9647-D09653B4F600}.Release|Any CPU.ActiveCfg = Release|Any CPU
		{2E705A21-EAB5-45FA-9647-D09653B4F600}.Release|Any CPU.Build.0 = Release|Any CPU
	EndGlobalSection
	GlobalSection(SolutionProperties) = preSolution
		HideSolutionNode = FALSE
	EndGlobalSection
	GlobalSection(ExtensibilityGlobals) = postSolution
		SolutionGuid = {D373D928-6000-4F86-8B2E-4F1B76CC1835}
	EndGlobalSection
EndGlobal
